
Microsoft Visual Studio Solution File, Format Version 12.00
# Visual Studio Version 17
VisualStudioVersion = 17.14.36212.18
MinimumVisualStudioVersion = 10.0.40219.1
Project("{FAE04EC0-301F-11D3-BF4B-00C04F79EFBC}") = "ContactMangementServices", "ContactMangementServices.csproj", "{96012F42-5295-496A-804E-A1E43B099B1C}"
EndProject
Project("{FAE04EC0-301F-11D3-BF4B-00C04F79EFBC}") = "ContactManagementTest", "..\ContactMangementTest\ContactManagementTest.csproj", "{8F5FAEB4-0826-15CE-40F2-DDCE205FFAD5}"
EndProject
Global
	GlobalSection(SolutionConfigurationPlatforms) = preSolution
		Debug|Any CPU = Debug|Any CPU
		Release|Any CPU = Release|Any CPU
	EndGlobalSection
	GlobalSection(ProjectConfigurationPlatforms) = postSolution
		{96012F42-5295-496A-804E-A1E43B099B1C}.Debug|Any CPU.ActiveCfg = Debug|Any CPU
		{96012F42-5295-496A-804E-A1E43B099B1C}.Debug|Any CPU.Build.0 = Debug|Any CPU
		{96012F42-5295-496A-804E-A1E43B099B1C}.Release|Any CPU.ActiveCfg = Release|Any CPU
		{96012F42-5295-496A-804E-A1E43B099B1C}.Release|Any CPU.Build.0 = Release|Any CPU
		{8F5FAEB4-0826-15CE-40F2-DDCE205FFAD5}.Debug|Any CPU.ActiveCfg = Debug|Any CPU
		{8F5FAEB4-0826-15CE-40F2-DDCE205FFAD5}.Debug|Any CPU.Build.0 = Debug|Any CPU
		{8F5FAEB4-0826-15CE-40F2-DDCE205FFAD5}.Release|Any CPU.ActiveCfg = Release|Any CPU
		{8F5FAEB4-0826-15CE-40F2-DDCE205FFAD5}.Release|Any CPU.Build.0 = Release|Any CPU
	EndGlobalSection
	GlobalSection(SolutionProperties) = preSolution
		HideSolutionNode = FALSE
	EndGlobalSection
	GlobalSection(ExtensibilityGlobals) = postSolution
		SolutionGuid = {52441E17-E6A6-48B8-BC3D-64358B5A524A}
	EndGlobalSection
EndGlobal
